
Microsoft Visual Studio Solution File, Format Version 12.00
# Visual Studio Version 17
VisualStudioVersion = 17.3.32929.385
MinimumVisualStudioVersion = 10.0.40219.1
Project("{FAE04EC0-301F-11D3-BF4B-00C04F79EFBC}") = "Servidor", "Servidor\Servidor.csproj", "{A2EE6843-1C2D-48D6-BFF7-3C98BFF2B32D}"
EndProject
Global
	GlobalSection(SolutionConfigurationPlatforms) = preSolution
		Debug|Any CPU = Debug|Any CPU
		Release|Any CPU = Release|Any CPU
	EndGlobalSection
	GlobalSection(ProjectConfigurationPlatforms) = postSolution
		{A2EE6843-1C2D-48D6-BFF7-3C98BFF2B32D}.Debug|Any CPU.ActiveCfg = Debug|Any CPU
		{A2EE6843-1C2D-48D6-BFF7-3C98BFF2B32D}.Debug|Any CPU.Build.0 = Debug|Any CPU
		{A2EE6843-1C2D-48D6-BFF7-3C98BFF2B32D}.Release|Any CPU.ActiveCfg = Release|Any CPU
		{A2EE6843-1C2D-48D6-BFF7-3C98BFF2B32D}.Release|Any CPU.Build.0 = Release|Any CPU
	EndGlobalSection
	GlobalSection(SolutionProperties) = preSolution
		HideSolutionNode = FALSE
	EndGlobalSection
	GlobalSection(ExtensibilityGlobals) = postSolution
		SolutionGuid = {80F8DDEA-CBCB-446A-BE7F-6E3682695972}
	EndGlobalSection
EndGlobal
